
Microsoft Visual Studio Solution File, Format Version 12.00
# Visual Studio Version 17
VisualStudioVersion = 17.11.35219.272
MinimumVisualStudioVersion = 10.0.40219.1
Project("{888888A0-9F3D-457C-B088-3A5042F75D52}") = "Practica 06 - Vectores- Arreglo de Aves e incersión de elementos", "Practica 06 - Vectores- Arreglo de Aves e incersión de elementos\Practica 06 - Vectores- Arreglo de Aves e incersión de elementos.pyproj", "{F39A7388-2AB7-4B01-B4B6-7B3DEAB20F25}"
EndProject
Global
	GlobalSection(SolutionConfigurationPlatforms) = preSolution
		Debug|Any CPU = Debug|Any CPU
		Release|Any CPU = Release|Any CPU
	EndGlobalSection
	GlobalSection(ProjectConfigurationPlatforms) = postSolution
		{F39A7388-2AB7-4B01-B4B6-7B3DEAB20F25}.Debug|Any CPU.ActiveCfg = Debug|Any CPU
		{F39A7388-2AB7-4B01-B4B6-7B3DEAB20F25}.Release|Any CPU.ActiveCfg = Release|Any CPU
	EndGlobalSection
	GlobalSection(SolutionProperties) = preSolution
		HideSolutionNode = FALSE
	EndGlobalSection
	GlobalSection(ExtensibilityGlobals) = postSolution
		SolutionGuid = {144E825E-C77C-4172-B77E-B3B87FFDC4B7}
	EndGlobalSection
EndGlobal
